---
lockfileVersion: 1
lockfileVendor: redhat
arches:
  - arch: x86_64
    packages:
      - url: https://cdn-ubi.redhat.com/content/public/ubi/dist/ubi9/9/x86_64/appstream/os/Packages/b/bind-libs-9.16.23-24.el9_5.3.x86_64.rpm
        repoid: ubi-9-for-x86_64-appstream-rpms
        size: 1306606
        checksum: sha256:38802fbe8ef76a8fed55dd5540c4613f40cef0b1253648873968dfe0dfaa510f
        name: bind-libs
        evr: 32:9.16.23-24.el9_5.3
        sourcerpm: bind-9.16.23-24.el9_5.3.src.rpm
      - url: https://cdn-ubi.redhat.com/content/public/ubi/dist/ubi9/9/x86_64/appstream/os/Packages/b/bind-license-9.16.23-24.el9_5.3.noarch.rpm
        repoid: ubi-9-for-x86_64-appstream-rpms
        size: 13987
        checksum: sha256:4f1feb5da21d00decd85cc03d3baadf13c5f9c14270fa15b01233991c2da10e6
        name: bind-license
        evr: 32:9.16.23-24.el9_5.3
        sourcerpm: bind-9.16.23-24.el9_5.3.src.rpm
      - url: https://cdn-ubi.redhat.com/content/public/ubi/dist/ubi9/9/x86_64/appstream/os/Packages/b/bind-utils-9.16.23-24.el9_5.3.x86_64.rpm
        repoid: ubi-9-for-x86_64-appstream-rpms
        size: 218003
        checksum: sha256:5478ecc7a1de560fd315375fd9c5ea5b91e7cdd85b6f69427246db44a304dc2f
        name: bind-utils
        evr: 32:9.16.23-24.el9_5.3
        sourcerpm: bind-9.16.23-24.el9_5.3.src.rpm
      - url: https://cdn-ubi.redhat.com/content/public/ubi/dist/ubi9/9/x86_64/appstream/os/Packages/f/fstrm-0.6.1-3.el9.x86_64.rpm
        repoid: ubi-9-for-x86_64-appstream-rpms
        size: 30777
        checksum: sha256:7290d5c6c200a2c98be30c3f0d9cf58462d0bc1ddb7940a8c7c35ca4f7e090ce
        name: fstrm
        evr: 0.6.1-3.el9
        sourcerpm: fstrm-0.6.1-3.el9.src.rpm
      - url: https://cdn-ubi.redhat.com/content/public/ubi/dist/ubi9/9/x86_64/appstream/os/Packages/l/libmaxminddb-1.5.2-4.el9.x86_64.rpm
        repoid: ubi-9-for-x86_64-appstream-rpms
        size: 36179
        checksum: sha256:70a1e33b55a32d85ea4508e9ebeefb3e0ce2f57619ee84c97c63af5dc1456342
        name: libmaxminddb
        evr: 1.5.2-4.el9
        sourcerpm: libmaxminddb-1.5.2-4.el9.src.rpm
      - url: https://cdn-ubi.redhat.com/content/public/ubi/dist/ubi9/9/x86_64/appstream/os/Packages/l/libuv-1.42.0-2.el9_4.x86_64.rpm
        repoid: ubi-9-for-x86_64-appstream-rpms
        size: 154427
        checksum: sha256:e1fab39251239ccaad2fb4dbe6c55ec1ae60f76d4ae81582b06e6a58e30879b2
        name: libuv
        evr: 1:1.42.0-2.el9_4
        sourcerpm: libuv-1.42.0-2.el9_4.src.rpm
      - url: https://cdn-ubi.redhat.com/content/public/ubi/dist/ubi9/9/x86_64/baseos/os/Packages/l/lmdb-libs-0.9.29-3.el9.x86_64.rpm
        repoid: ubi-9-for-x86_64-baseos-rpms
        size: 64208
        checksum: sha256:9ae27044c8cd2ceef9bc72319c30f7e24442b5c239f6cf4cc92670b75259f2f9
        name: lmdb-libs
        evr: 0.9.29-3.el9
        sourcerpm: lmdb-0.9.29-3.el9.src.rpm
      - url: https://cdn-ubi.redhat.com/content/public/ubi/dist/ubi9/9/x86_64/baseos/os/Packages/p/protobuf-c-1.3.3-13.el9.x86_64.rpm
        repoid: ubi-9-for-x86_64-baseos-rpms
        size: 38224
        checksum: sha256:9669f5bed1c9532ede399cd1ea6f8937ae7d18cfb56d59f2939a4b456390035f
        name: protobuf-c
        evr: 1.3.3-13.el9
        sourcerpm: protobuf-c-1.3.3-13.el9.src.rpm
    source:
      - url: https://cdn-ubi.redhat.com/content/public/ubi/dist/ubi9/9/x86_64/appstream/source/SRPMS/Packages/b/bind-9.16.23-24.el9_5.3.src.rpm
        repoid: ubi-9-for-x86_64-appstream-source-rpms
        size: 5332693
        checksum: sha256:08270b7134f709231a422d91f4b704df117323a6138b883870ad81ce5c0a1de1
        name: bind
        evr: 32:9.16.23-24.el9_5.3
      - url: https://cdn-ubi.redhat.com/content/public/ubi/dist/ubi9/9/x86_64/appstream/source/SRPMS/Packages/f/fstrm-0.6.1-3.el9.src.rpm
        repoid: ubi-9-for-x86_64-appstream-source-rpms
        size: 487936
        checksum: sha256:4f5a7114065a2c01caad1d98c7065c9dbb5331523c9702285f013bfeafbd8e8f
        name: fstrm
        evr: 0.6.1-3.el9
      - url: https://cdn-ubi.redhat.com/content/public/ubi/dist/ubi9/9/x86_64/appstream/source/SRPMS/Packages/l/libmaxminddb-1.5.2-4.el9.src.rpm
        repoid: ubi-9-for-x86_64-appstream-source-rpms
        size: 610097
        checksum: sha256:34a6423fae0433753d49d69e2d48befdff7333ba8b67e8dd29aaecccba6db2e5
        name: libmaxminddb
        evr: 1.5.2-4.el9
      - url: https://cdn-ubi.redhat.com/content/public/ubi/dist/ubi9/9/x86_64/appstream/source/SRPMS/Packages/l/libuv-1.42.0-2.el9_4.src.rpm
        repoid: ubi-9-for-x86_64-appstream-source-rpms
        size: 1300269
        checksum: sha256:f9dfa0dc965675730184604570c6a2aa95ddc2dfa6a7cb209514b1e744a4e3d7
        name: libuv
        evr: 1:1.42.0-2.el9_4
      - url: https://cdn-ubi.redhat.com/content/public/ubi/dist/ubi9/9/x86_64/baseos/source/SRPMS/Packages/l/lmdb-0.9.29-3.el9.src.rpm
        repoid: ubi-9-for-x86_64-baseos-source-rpms
        size: 160464
        checksum: sha256:50247803039d80bea829afc4f63bfb18a9855f00a7f250798915fda0cc610d25
        name: lmdb
        evr: 0.9.29-3.el9
      - url: https://cdn-ubi.redhat.com/content/public/ubi/dist/ubi9/9/x86_64/baseos/source/SRPMS/Packages/p/protobuf-c-1.3.3-13.el9.src.rpm
        repoid: ubi-9-for-x86_64-baseos-source-rpms
        size: 513224
        checksum: sha256:d4d82978c58a2f9ca8e24b953fd9ac74efee41572ec9649c4f2f183cda98b33f
        name: protobuf-c
        evr: 1.3.3-13.el9
    module_metadata: []
