arches:
- arch: x86_64
  module_metadata: []
  packages:
  - checksum: sha256:150d7232faa90f84a09268f8998ee32670eef59cba98612aeb996ab75c4dfcc4
    evr: 2.3.1-4.el9
    name: acl
    repoid: ubi-9-baseos-rpms
    size: 77226
    sourcerpm: acl-2.3.1-4.el9.src.rpm
    url: https://cdn-ubi.redhat.com/content/public/ubi/dist/ubi9/9/x86_64/baseos/os/Packages/a/acl-2.3.1-4.el9.x86_64.rpm
  - checksum: sha256:38802fbe8ef76a8fed55dd5540c4613f40cef0b1253648873968dfe0dfaa510f
    evr: 32:9.16.23-24.el9_5.3
    name: bind-libs
    repoid: ubi-9-appstream-rpms
    size: 1306606
    sourcerpm: bind-9.16.23-24.el9_5.3.src.rpm
    url: https://cdn-ubi.redhat.com/content/public/ubi/dist/ubi9/9/x86_64/appstream/os/Packages/b/bind-libs-9.16.23-24.el9_5.3.x86_64.rpm
  - checksum: sha256:4f1feb5da21d00decd85cc03d3baadf13c5f9c14270fa15b01233991c2da10e6
    evr: 32:9.16.23-24.el9_5.3
    name: bind-license
    repoid: ubi-9-appstream-rpms
    size: 13987
    sourcerpm: bind-9.16.23-24.el9_5.3.src.rpm
    url: https://cdn-ubi.redhat.com/content/public/ubi/dist/ubi9/9/x86_64/appstream/os/Packages/b/bind-license-9.16.23-24.el9_5.3.noarch.rpm
  - checksum: sha256:5478ecc7a1de560fd315375fd9c5ea5b91e7cdd85b6f69427246db44a304dc2f
    evr: 32:9.16.23-24.el9_5.3
    name: bind-utils
    repoid: ubi-9-appstream-rpms
    size: 218003
    sourcerpm: bind-9.16.23-24.el9_5.3.src.rpm
    url: https://cdn-ubi.redhat.com/content/public/ubi/dist/ubi9/9/x86_64/appstream/os/Packages/b/bind-utils-9.16.23-24.el9_5.3.x86_64.rpm
  - checksum: sha256:58286130e67839b931412baa9cb1efcb42d02dc3d1b84caed2ba711773c47ec9
    evr: 2.35.2-54.el9
    name: binutils
    repoid: ubi-9-baseos-rpms
    size: 4816328
    sourcerpm: binutils-2.35.2-54.el9.src.rpm
    url: https://cdn-ubi.redhat.com/content/public/ubi/dist/ubi9/9/x86_64/baseos/os/Packages/b/binutils-2.35.2-54.el9.x86_64.rpm
  - checksum: sha256:44ace5e347a8aaad0ae8a449c5d87f69314def94b45bbd1a22a6bd827b549d95
    evr: 2.35.2-54.el9
    name: binutils-gold
    repoid: ubi-9-baseos-rpms
    size: 752302
    sourcerpm: binutils-2.35.2-54.el9.src.rpm
    url: https://cdn-ubi.redhat.com/content/public/ubi/dist/ubi9/9/x86_64/baseos/os/Packages/b/binutils-gold-2.35.2-54.el9.x86_64.rpm
  - checksum: sha256:b5567c690d46d4f5a2cb13be6a4f962dbe8cc7e821b9d3baa09a4f10c59014d9
    evr: 11.5.0-5.el9_5
    name: cpp
    repoid: ubi-9-appstream-rpms
    size: 11229073
    sourcerpm: gcc-11.5.0-5.el9_5.src.rpm
    url: https://cdn-ubi.redhat.com/content/public/ubi/dist/ubi9/9/x86_64/appstream/os/Packages/c/cpp-11.5.0-5.el9_5.x86_64.rpm
  - checksum: sha256:8551b711718596fbfef6622bbf32f785864959af9d06a76da2545ec9f3a126e7
    evr: 2.9.6-27.el9
    name: cracklib
    repoid: ubi-9-baseos-rpms
    size: 100903
    sourcerpm: cracklib-2.9.6-27.el9.src.rpm
    url: https://cdn-ubi.redhat.com/content/public/ubi/dist/ubi9/9/x86_64/baseos/os/Packages/c/cracklib-2.9.6-27.el9.x86_64.rpm
  - checksum: sha256:ab4356c86bdc996dc9e55703a7ae936e3e46aec6ebf6d6f008e126ff06e83df2
    evr: 2.9.6-27.el9
    name: cracklib-dicts
    repoid: ubi-9-baseos-rpms
    size: 3821230
    sourcerpm: cracklib-2.9.6-27.el9.src.rpm
    url: https://cdn-ubi.redhat.com/content/public/ubi/dist/ubi9/9/x86_64/baseos/os/Packages/c/cracklib-dicts-2.9.6-27.el9.x86_64.rpm
  - checksum: sha256:96b1daa4de0a635ab760a8431fb005022bb7cb48d2d1d3ec9a8adb1798c0e10e
    evr: 1:1.12.20-8.el9
    name: dbus
    repoid: ubi-9-baseos-rpms
    size: 8073
    sourcerpm: dbus-1.12.20-8.el9.src.rpm
    url: https://cdn-ubi.redhat.com/content/public/ubi/dist/ubi9/9/x86_64/baseos/os/Packages/d/dbus-1.12.20-8.el9.x86_64.rpm
  - checksum: sha256:de9869c08df7f6952787d0335b9bf1a09b328bea920556a59af07c8e085dd3cb
    evr: 28-7.el9
    name: dbus-broker
    repoid: ubi-9-baseos-rpms
    size: 179634
    sourcerpm: dbus-broker-28-7.el9.src.rpm
    url: https://cdn-ubi.redhat.com/content/public/ubi/dist/ubi9/9/x86_64/baseos/os/Packages/d/dbus-broker-28-7.el9.x86_64.rpm
  - checksum: sha256:298f1cada3cbcef6713098b9925694a0e30e8566f7a5bdbd72384520cf6c8360
    evr: 1:1.12.20-8.el9
    name: dbus-common
    repoid: ubi-9-baseos-rpms
    size: 18551
    sourcerpm: dbus-1.12.20-8.el9.src.rpm
    url: https://cdn-ubi.redhat.com/content/public/ubi/dist/ubi9/9/x86_64/baseos/os/Packages/d/dbus-common-1.12.20-8.el9.noarch.rpm
  - checksum: sha256:2d4c4fdfc10215af3c957c24995b79a26e27e6d76de4ed1f5198d25bf7ef9671
    evr: 3.7-12.el9
    name: diffutils
    repoid: ubi-9-baseos-rpms
    size: 411559
    sourcerpm: diffutils-3.7-12.el9.src.rpm
    url: https://cdn-ubi.redhat.com/content/public/ubi/dist/ubi9/9/x86_64/baseos/os/Packages/d/diffutils-3.7-12.el9.x86_64.rpm
  - checksum: sha256:9c26ab1eea196541d9cde34a96acbf8647746ccd0447ad353dec5ec4225826a5
    evr: 0.191-4.el9
    name: elfutils-debuginfod-client
    repoid: ubi-9-baseos-rpms
    size: 39913
    sourcerpm: elfutils-0.191-4.el9.src.rpm
    url: https://cdn-ubi.redhat.com/content/public/ubi/dist/ubi9/9/x86_64/baseos/os/Packages/e/elfutils-debuginfod-client-0.191-4.el9.x86_64.rpm
  - checksum: sha256:e186f5fb020da75279f726a9a09bfefd8c60131157debd9ca0966036fd3b8d70
    evr: 0.191-4.el9
    name: elfutils-default-yama-scope
    repoid: ubi-9-baseos-rpms
    size: 12782
    sourcerpm: elfutils-0.191-4.el9.src.rpm
    url: https://cdn-ubi.redhat.com/content/public/ubi/dist/ubi9/9/x86_64/baseos/os/Packages/e/elfutils-default-yama-scope-0.191-4.el9.noarch.rpm
  - checksum: sha256:9d7a6e028b8db0041ffecb41b5a4c2a3351bc09b098d0285f418f7ee16923e63
    evr: 0.191-4.el9
    name: elfutils-libelf
    repoid: ubi-9-baseos-rpms
    size: 215143
    sourcerpm: elfutils-0.191-4.el9.src.rpm
    url: https://cdn-ubi.redhat.com/content/public/ubi/dist/ubi9/9/x86_64/baseos/os/Packages/e/elfutils-libelf-0.191-4.el9.x86_64.rpm
  - checksum: sha256:d58ed4ac90958033cb2e0f3455e7f229e03e85c86ee43636de925ab1369b50aa
    evr: 0.191-4.el9
    name: elfutils-libs
    repoid: ubi-9-baseos-rpms
    size: 268507
    sourcerpm: elfutils-0.191-4.el9.src.rpm
    url: https://cdn-ubi.redhat.com/content/public/ubi/dist/ubi9/9/x86_64/baseos/os/Packages/e/elfutils-libs-0.191-4.el9.x86_64.rpm
  - checksum: sha256:e9b4eb1c8a2ca7787a8ffea53b2a86533a1eb6aea72f05919c2748cd63dad32a
    evr: 2.5.0-3.el9_5.1
    name: expat
    repoid: ubi-9-baseos-rpms
    size: 121783
    sourcerpm: expat-2.5.0-3.el9_5.1.src.rpm
    url: https://cdn-ubi.redhat.com/content/public/ubi/dist/ubi9/9/x86_64/baseos/os/Packages/e/expat-2.5.0-3.el9_5.1.x86_64.rpm
  - checksum: sha256:7290d5c6c200a2c98be30c3f0d9cf58462d0bc1ddb7940a8c7c35ca4f7e090ce
    evr: 0.6.1-3.el9
    name: fstrm
    repoid: ubi-9-appstream-rpms
    size: 30777
    sourcerpm: fstrm-0.6.1-3.el9.src.rpm
    url: https://cdn-ubi.redhat.com/content/public/ubi/dist/ubi9/9/x86_64/appstream/os/Packages/f/fstrm-0.6.1-3.el9.x86_64.rpm
  - checksum: sha256:03c99bc1021dbe54dd93120ed6b5249bbb02dbd5da9e0dc5d8c4a21d674fb1fd
    evr: 11.5.0-5.el9_5
    name: gcc
    repoid: ubi-9-appstream-rpms
    size: 34006000
    sourcerpm: gcc-11.5.0-5.el9_5.src.rpm
    url: https://cdn-ubi.redhat.com/content/public/ubi/dist/ubi9/9/x86_64/appstream/os/Packages/g/gcc-11.5.0-5.el9_5.x86_64.rpm
  - checksum: sha256:e11b718441a5034c7dca3f8515862c599716ea7d02254c78287c32de16f3e068
    evr: 2.34-125.el9_5.3
    name: glibc-devel
    repoid: ubi-9-appstream-rpms
    size: 32111
    sourcerpm: glibc-2.34-125.el9_5.3.src.rpm
    url: https://cdn-ubi.redhat.com/content/public/ubi/dist/ubi9/9/x86_64/appstream/os/Packages/g/glibc-devel-2.34-125.el9_5.3.x86_64.rpm
  - checksum: sha256:33d7d6af61db9697b6980d16de47fcd92acd8472c2e6500ac7863ec9feb51391
    evr: 2.34-125.el9_5.3
    name: glibc-headers
    repoid: ubi-9-appstream-rpms
    size: 549855
    sourcerpm: glibc-2.34-125.el9_5.3.src.rpm
    url: https://cdn-ubi.redhat.com/content/public/ubi/dist/ubi9/9/x86_64/appstream/os/Packages/g/glibc-headers-2.34-125.el9_5.3.x86_64.rpm
  - checksum: sha256:c8b3e0414d55b1eedb0185a564ac6cb2368bee2fd5f995447d045f6a714488ac
    evr: 1.12-1.el9
    name: gzip
    repoid: ubi-9-baseos-rpms
    size: 171206
    sourcerpm: gzip-1.12-1.el9.src.rpm
    url: https://cdn-ubi.redhat.com/content/public/ubi/dist/ubi9/9/x86_64/baseos/os/Packages/g/gzip-1.12-1.el9.x86_64.rpm
  - checksum: sha256:6640d6a4583362ddadf1a2bf72d7d6f444ec1fec9d8c8566375d49871fcd2da4
    evr: 5.14.0-503.31.1.el9_5
    name: kernel-headers
    repoid: ubi-9-appstream-rpms
    size: 3938401
    sourcerpm: kernel-5.14.0-503.31.1.el9_5.src.rpm
    url: https://cdn-ubi.redhat.com/content/public/ubi/dist/ubi9/9/x86_64/appstream/os/Packages/k/kernel-headers-5.14.0-503.31.1.el9_5.x86_64.rpm
  - checksum: sha256:b1bb64b127c611da5b0182ec3405c8b57c6c3af0af7cb64324924cd20d5da4d3
    evr: 1.6.3-1.el9
    name: keyutils-libs-devel
    repoid: ubi-9-appstream-rpms
    size: 66082
    sourcerpm: keyutils-1.6.3-1.el9.src.rpm
    url: https://cdn-ubi.redhat.com/content/public/ubi/dist/ubi9/9/x86_64/appstream/os/Packages/k/keyutils-libs-devel-1.6.3-1.el9.x86_64.rpm
  - checksum: sha256:9ae0b89812908ee50ec654ba35f74dc478057e8981afd4a5cc8d2befd987b342
    evr: 28-10.el9
    name: kmod-libs
    repoid: ubi-9-baseos-rpms
    size: 66607
    sourcerpm: kmod-28-10.el9.src.rpm
    url: https://cdn-ubi.redhat.com/content/public/ubi/dist/ubi9/9/x86_64/baseos/os/Packages/k/kmod-libs-28-10.el9.x86_64.rpm
  - checksum: sha256:e1af73607df1e57d3f39cd53f3028940fb76955888650cdc40cb5a6ac7ce7904
    evr: 1.21.1-4.el9_5
    name: krb5-devel
    repoid: ubi-9-appstream-rpms
    size: 151327
    sourcerpm: krb5-1.21.1-4.el9_5.src.rpm
    url: https://cdn-ubi.redhat.com/content/public/ubi/dist/ubi9/9/x86_64/appstream/os/Packages/k/krb5-devel-1.21.1-4.el9_5.x86_64.rpm
  - checksum: sha256:ecb7e53402749dd0fa9f95a4f1a1f0aa3bfba1c4d23c306f4029cc39971c9c7b
    evr: 1.46.5-5.el9
    name: libcom_err-devel
    repoid: ubi-9-appstream-rpms
    size: 19183
    sourcerpm: e2fsprogs-1.46.5-5.el9.src.rpm
    url: https://cdn-ubi.redhat.com/content/public/ubi/dist/ubi9/9/x86_64/appstream/os/Packages/l/libcom_err-devel-1.46.5-5.el9.x86_64.rpm
  - checksum: sha256:599dbc91894bde538297d859cd5efd64e95b5b06ffac2c0057b32b1be6c8d9ac
    evr: 5.3.28-54.el9
    name: libdb
    repoid: ubi-9-baseos-rpms
    size: 754801
    sourcerpm: libdb-5.3.28-54.el9.src.rpm
    url: https://cdn-ubi.redhat.com/content/public/ubi/dist/ubi9/9/x86_64/baseos/os/Packages/l/libdb-5.3.28-54.el9.x86_64.rpm
  - checksum: sha256:f7998382ca1be7836f6af05d42dc03f88799abcb10aa7a761e16f74058598012
    evr: 0.4.1-4.el9
    name: libeconf
    repoid: ubi-9-baseos-rpms
    size: 30371
    sourcerpm: libeconf-0.4.1-4.el9.src.rpm
    url: https://cdn-ubi.redhat.com/content/public/ubi/dist/ubi9/9/x86_64/baseos/os/Packages/l/libeconf-0.4.1-4.el9.x86_64.rpm
  - checksum: sha256:f0c0fc67a144dffcef138044c0a563ac9cdb4fa7b00a8e7c4c77e48e9ca35487
    evr: 2.37.4-20.el9
    name: libfdisk
    repoid: ubi-9-baseos-rpms
    size: 158733
    sourcerpm: util-linux-2.37.4-20.el9.src.rpm
    url: https://cdn-ubi.redhat.com/content/public/ubi/dist/ubi9/9/x86_64/baseos/os/Packages/l/libfdisk-2.37.4-20.el9.x86_64.rpm
  - checksum: sha256:da7af36960df4b59178f4d7c42353d48c53fbe231e7e62d734a4319748f897a9
    evr: 11.5.0-5.el9_5
    name: libgomp
    repoid: ubi-9-baseos-rpms
    size: 269396
    sourcerpm: gcc-11.5.0-5.el9_5.src.rpm
    url: https://cdn-ubi.redhat.com/content/public/ubi/dist/ubi9/9/x86_64/baseos/os/Packages/l/libgomp-11.5.0-5.el9_5.x86_64.rpm
  - checksum: sha256:78a36d20acc1b9972e16bc230959a8c6e2d90448b7c0c611dde1ddac3e87e653
    evr: 1.21.1-4.el9_5
    name: libkadm5
    repoid: ubi-9-baseos-rpms
    size: 82359
    sourcerpm: krb5-1.21.1-4.el9_5.src.rpm
    url: https://cdn-ubi.redhat.com/content/public/ubi/dist/ubi9/9/x86_64/baseos/os/Packages/l/libkadm5-1.21.1-4.el9_5.x86_64.rpm
  - checksum: sha256:70a1e33b55a32d85ea4508e9ebeefb3e0ce2f57619ee84c97c63af5dc1456342
    evr: 1.5.2-4.el9
    name: libmaxminddb
    repoid: ubi-9-appstream-rpms
    size: 36179
    sourcerpm: libmaxminddb-1.5.2-4.el9.src.rpm
    url: https://cdn-ubi.redhat.com/content/public/ubi/dist/ubi9/9/x86_64/appstream/os/Packages/l/libmaxminddb-1.5.2-4.el9.x86_64.rpm
  - checksum: sha256:b97b4e98c3c6f41dcfc2ceb4ffa1aba7a338b7cfd9e6c4f63e3160dd3cc033d3
    evr: 1.2.1-4.el9
    name: libmpc
    repoid: ubi-9-appstream-rpms
    size: 66075
    sourcerpm: libmpc-1.2.1-4.el9.src.rpm
    url: https://cdn-ubi.redhat.com/content/public/ubi/dist/ubi9/9/x86_64/appstream/os/Packages/l/libmpc-1.2.1-4.el9.x86_64.rpm
  - checksum: sha256:4feae5941b73640bd86b8d506a657cac5b770043db1464fbcd207721b2159dda
    evr: 1.7.3-10.el9
    name: libpkgconf
    repoid: ubi-9-baseos-rpms
    size: 38387
    sourcerpm: pkgconf-1.7.3-10.el9.src.rpm
    url: https://cdn-ubi.redhat.com/content/public/ubi/dist/ubi9/9/x86_64/baseos/os/Packages/l/libpkgconf-1.7.3-10.el9.x86_64.rpm
  - checksum: sha256:14b7ff2f7fdaf8ebec90261f4619ea7f7c3564c4de8483666de7ed4b1f49b66f
    evr: 1.4.4-8.el9
    name: libpwquality
    repoid: ubi-9-baseos-rpms
    size: 126104
    sourcerpm: libpwquality-1.4.4-8.el9.src.rpm
    url: https://cdn-ubi.redhat.com/content/public/ubi/dist/ubi9/9/x86_64/baseos/os/Packages/l/libpwquality-1.4.4-8.el9.x86_64.rpm
  - checksum: sha256:e2015f60dbe784330d5df43f3f05c68c307694600a636a1706bf86527cc82e82
    evr: 2.5.2-2.el9
    name: libseccomp
    repoid: ubi-9-baseos-rpms
    size: 76200
    sourcerpm: libseccomp-2.5.2-2.el9.src.rpm
    url: https://cdn-ubi.redhat.com/content/public/ubi/dist/ubi9/9/x86_64/baseos/os/Packages/l/libseccomp-2.5.2-2.el9.x86_64.rpm
  - checksum: sha256:44b774df2bbb010b4c0fffdfbe73061af0d4a4d6386f04027deab349c02f9ad3
    evr: 3.6-1.el9
    name: libselinux-devel
    repoid: ubi-9-appstream-rpms
    size: 167247
    sourcerpm: libselinux-3.6-1.el9.src.rpm
    url: https://cdn-ubi.redhat.com/content/public/ubi/dist/ubi9/9/x86_64/appstream/os/Packages/l/libselinux-devel-3.6-1.el9.x86_64.rpm
  - checksum: sha256:479229e7c3d8cb005dafd637b2973fbee0bb507cfed8e72f7076318513200abd
    evr: 3.6-1.el9
    name: libselinux-utils
    repoid: ubi-9-baseos-rpms
    size: 198772
    sourcerpm: libselinux-3.6-1.el9.src.rpm
    url: https://cdn-ubi.redhat.com/content/public/ubi/dist/ubi9/9/x86_64/baseos/os/Packages/l/libselinux-utils-3.6-1.el9.x86_64.rpm
  - checksum: sha256:3c9725a32552afb8244f619a94ff1c9eda80b883d1311b29df734ac18a7432fb
    evr: 3.6-1.el9
    name: libsepol-devel
    repoid: ubi-9-appstream-rpms
    size: 52617
    sourcerpm: libsepol-3.6-1.el9.src.rpm
    url: https://cdn-ubi.redhat.com/content/public/ubi/dist/ubi9/9/x86_64/appstream/os/Packages/l/libsepol-devel-3.6-1.el9.x86_64.rpm
  - checksum: sha256:0f1df5e0d48c2ac9914bfffa7ed569cd58e42b17ba96bb3f7cf74d1e80de2597
    evr: 1.2.1-6.el9
    name: libutempter
    repoid: ubi-9-baseos-rpms
    size: 30354
    sourcerpm: libutempter-1.2.1-6.el9.src.rpm
    url: https://cdn-ubi.redhat.com/content/public/ubi/dist/ubi9/9/x86_64/baseos/os/Packages/l/libutempter-1.2.1-6.el9.x86_64.rpm
  - checksum: sha256:e1fab39251239ccaad2fb4dbe6c55ec1ae60f76d4ae81582b06e6a58e30879b2
    evr: 1:1.42.0-2.el9_4
    name: libuv
    repoid: ubi-9-appstream-rpms
    size: 154427
    sourcerpm: libuv-1.42.0-2.el9_4.src.rpm
    url: https://cdn-ubi.redhat.com/content/public/ubi/dist/ubi9/9/x86_64/appstream/os/Packages/l/libuv-1.42.0-2.el9_4.x86_64.rpm
  - checksum: sha256:11c16e7b0475bb1ac3b44c4d9f3f32aa8e9a04c0d195d2a591181fc42db8cf91
    evr: 0.3.2-3.el9
    name: libverto-devel
    repoid: ubi-9-appstream-rpms
    size: 16757
    sourcerpm: libverto-0.3.2-3.el9.src.rpm
    url: https://cdn-ubi.redhat.com/content/public/ubi/dist/ubi9/9/x86_64/appstream/os/Packages/l/libverto-devel-0.3.2-3.el9.x86_64.rpm
  - checksum: sha256:c1d171391a7d2e043a6953efd3df3e01edc9b4c6cdb54517e1608d204a5fce18
    evr: 4.4.18-3.el9
    name: libxcrypt-devel
    repoid: ubi-9-appstream-rpms
    size: 33101
    sourcerpm: libxcrypt-4.4.18-3.el9.src.rpm
    url: https://cdn-ubi.redhat.com/content/public/ubi/dist/ubi9/9/x86_64/appstream/os/Packages/l/libxcrypt-devel-4.4.18-3.el9.x86_64.rpm
  - checksum: sha256:9ae27044c8cd2ceef9bc72319c30f7e24442b5c239f6cf4cc92670b75259f2f9
    evr: 0.9.29-3.el9
    name: lmdb-libs
    repoid: ubi-9-baseos-rpms
    size: 64208
    sourcerpm: lmdb-0.9.29-3.el9.src.rpm
    url: https://cdn-ubi.redhat.com/content/public/ubi/dist/ubi9/9/x86_64/baseos/os/Packages/l/lmdb-libs-0.9.29-3.el9.x86_64.rpm
  - checksum: sha256:561f0c2251e9217c81a6c88de4d2d9231a039aaab37e8a0d2559d36ce9fa85fd
    evr: 1:4.3-8.el9
    name: make
    repoid: ubi-9-baseos-rpms
    size: 553896
    sourcerpm: make-4.3-8.el9.src.rpm
    url: https://cdn-ubi.redhat.com/content/public/ubi/dist/ubi9/9/x86_64/baseos/os/Packages/m/make-4.3-8.el9.x86_64.rpm
  - checksum: sha256:f379686df99db814e30568a896b417278775fc96864ac6d2660bf48ef94309e3
    evr: 1:3.2.2-6.el9_5.1
    name: openssl
    repoid: ubi-9-baseos-rpms
    size: 1420999
    sourcerpm: openssl-3.2.2-6.el9_5.1.src.rpm
    url: https://cdn-ubi.redhat.com/content/public/ubi/dist/ubi9/9/x86_64/baseos/os/Packages/o/openssl-3.2.2-6.el9_5.1.x86_64.rpm
  - checksum: sha256:30cd1b3dec089a7da71e9167532693bef7c202a5dbe3c010af2a9387106a0b36
    evr: 1:3.2.2-6.el9_5.1
    name: openssl-devel
    repoid: ubi-9-appstream-rpms
    size: 4650823
    sourcerpm: openssl-3.2.2-6.el9_5.1.src.rpm
    url: https://cdn-ubi.redhat.com/content/public/ubi/dist/ubi9/9/x86_64/appstream/os/Packages/o/openssl-devel-3.2.2-6.el9_5.1.x86_64.rpm
  - checksum: sha256:d0c495a13f0c6d0fdefc309086a81e64eb852255ce64a45b766187bd09de41d0
    evr: 1.5.1-22.el9_5
    name: pam
    repoid: ubi-9-baseos-rpms
    size: 647471
    sourcerpm: pam-1.5.1-22.el9_5.src.rpm
    url: https://cdn-ubi.redhat.com/content/public/ubi/dist/ubi9/9/x86_64/baseos/os/Packages/p/pam-1.5.1-22.el9_5.x86_64.rpm
  - checksum: sha256:f2fa0c49019f12b9c01986c1d05ffc83863ac7b47b8e348d6357e7fbdf3b17e3
    evr: 10.40-6.el9
    name: pcre2-devel
    repoid: ubi-9-appstream-rpms
    size: 528624
    sourcerpm: pcre2-10.40-6.el9.src.rpm
    url: https://cdn-ubi.redhat.com/content/public/ubi/dist/ubi9/9/x86_64/appstream/os/Packages/p/pcre2-devel-10.40-6.el9.x86_64.rpm
  - checksum: sha256:935664188bce50473e3c148fc9d71167d3881fc2de9ccc99394c03d00e8ff5b3
    evr: 10.40-6.el9
    name: pcre2-utf16
    repoid: ubi-9-appstream-rpms
    size: 220256
    sourcerpm: pcre2-10.40-6.el9.src.rpm
    url: https://cdn-ubi.redhat.com/content/public/ubi/dist/ubi9/9/x86_64/appstream/os/Packages/p/pcre2-utf16-10.40-6.el9.x86_64.rpm
  - checksum: sha256:d50fc56a1e9710b3374826c82044d4624b6c5949db0178d5774f575a5fcd6934
    evr: 10.40-6.el9
    name: pcre2-utf32
    repoid: ubi-9-appstream-rpms
    size: 209174
    sourcerpm: pcre2-10.40-6.el9.src.rpm
    url: https://cdn-ubi.redhat.com/content/public/ubi/dist/ubi9/9/x86_64/appstream/os/Packages/p/pcre2-utf32-10.40-6.el9.x86_64.rpm
  - checksum: sha256:bb47b4ecc499c308f41031a99e723827d152d5d750f59849d0c265d820944a26
    evr: 1.7.3-10.el9
    name: pkgconf
    repoid: ubi-9-baseos-rpms
    size: 45675
    sourcerpm: pkgconf-1.7.3-10.el9.src.rpm
    url: https://cdn-ubi.redhat.com/content/public/ubi/dist/ubi9/9/x86_64/baseos/os/Packages/p/pkgconf-1.7.3-10.el9.x86_64.rpm
  - checksum: sha256:91bafd6e06099451f60288327b275cfcc651822f6145176a157c6b0fa5131e02
    evr: 1.7.3-10.el9
    name: pkgconf-m4
    repoid: ubi-9-baseos-rpms
    size: 16054
    sourcerpm: pkgconf-1.7.3-10.el9.src.rpm
    url: https://cdn-ubi.redhat.com/content/public/ubi/dist/ubi9/9/x86_64/baseos/os/Packages/p/pkgconf-m4-1.7.3-10.el9.noarch.rpm
  - checksum: sha256:9a502d81d73d3303ceb53a06ad7ce525c97117ea64352174a33708bf3429283d
    evr: 1.7.3-10.el9
    name: pkgconf-pkg-config
    repoid: ubi-9-baseos-rpms
    size: 12438
    sourcerpm: pkgconf-1.7.3-10.el9.src.rpm
    url: https://cdn-ubi.redhat.com/content/public/ubi/dist/ubi9/9/x86_64/baseos/os/Packages/p/pkgconf-pkg-config-1.7.3-10.el9.x86_64.rpm
  - checksum: sha256:8dcd39960d3103f7a4ad2b9f7a0e15469ebf4da98f6c215cddfffdb830dc12b5
    evr: 3.6-2.1.el9
    name: policycoreutils
    repoid: ubi-9-baseos-rpms
    size: 251967
    sourcerpm: policycoreutils-3.6-2.1.el9.src.rpm
    url: https://cdn-ubi.redhat.com/content/public/ubi/dist/ubi9/9/x86_64/baseos/os/Packages/p/policycoreutils-3.6-2.1.el9.x86_64.rpm
  - checksum: sha256:9669f5bed1c9532ede399cd1ea6f8937ae7d18cfb56d59f2939a4b456390035f
    evr: 1.3.3-13.el9
    name: protobuf-c
    repoid: ubi-9-baseos-rpms
    size: 38224
    sourcerpm: protobuf-c-1.3.3-13.el9.src.rpm
    url: https://cdn-ubi.redhat.com/content/public/ubi/dist/ubi9/9/x86_64/baseos/os/Packages/p/protobuf-c-1.3.3-13.el9.x86_64.rpm
  - checksum: sha256:add02cbf42634db0957eda097c5bcac643b19663885645355fd941b8cee175ac
    evr: 4.16.1.3-34.el9
    name: rpm-plugin-selinux
    repoid: ubi-9-baseos-rpms
    size: 18220
    sourcerpm: rpm-4.16.1.3-34.el9.src.rpm
    url: https://cdn-ubi.redhat.com/content/public/ubi/dist/ubi9/9/x86_64/baseos/os/Packages/r/rpm-plugin-selinux-4.16.1.3-34.el9.x86_64.rpm
  - checksum: sha256:217d992f42cab6cae7b0236daeefe78d067f882481f20316198e0736f1325ab2
    evr: 38.1.45-3.el9_5
    name: selinux-policy
    repoid: ubi-9-baseos-rpms
    size: 52484
    sourcerpm: selinux-policy-38.1.45-3.el9_5.src.rpm
    url: https://cdn-ubi.redhat.com/content/public/ubi/dist/ubi9/9/x86_64/baseos/os/Packages/s/selinux-policy-38.1.45-3.el9_5.noarch.rpm
  - checksum: sha256:575305a4fc873ef9b1fcaf6005a6f04be6d3ff4a5887d6db8ed97cef23c501c5
    evr: 38.1.45-3.el9_5
    name: selinux-policy-targeted
    repoid: ubi-9-baseos-rpms
    size: 7225392
    sourcerpm: selinux-policy-38.1.45-3.el9_5.src.rpm
    url: https://cdn-ubi.redhat.com/content/public/ubi/dist/ubi9/9/x86_64/baseos/os/Packages/s/selinux-policy-targeted-38.1.45-3.el9_5.noarch.rpm
  - checksum: sha256:616c315b74c798d12fa0299a0ae0bdaaef42b011af669923ba6c71e5796dfeb9
    evr: 252-46.el9_5.2
    name: systemd
    repoid: ubi-9-baseos-rpms
    size: 4427820
    sourcerpm: systemd-252-46.el9_5.2.src.rpm
    url: https://cdn-ubi.redhat.com/content/public/ubi/dist/ubi9/9/x86_64/baseos/os/Packages/s/systemd-252-46.el9_5.2.x86_64.rpm
  - checksum: sha256:26c788e238d6ccbea0a6129129d2ca284fe578e38a59ecd21e740af8f2a788f4
    evr: 252-46.el9_5.2
    name: systemd-pam
    repoid: ubi-9-baseos-rpms
    size: 293603
    sourcerpm: systemd-252-46.el9_5.2.src.rpm
    url: https://cdn-ubi.redhat.com/content/public/ubi/dist/ubi9/9/x86_64/baseos/os/Packages/s/systemd-pam-252-46.el9_5.2.x86_64.rpm
  - checksum: sha256:e7805025edd419b440dfc3948201b0ef1dee7e2f51005000dfedb832d1e17cab
    evr: 252-46.el9_5.2
    name: systemd-rpm-macros
    repoid: ubi-9-baseos-rpms
    size: 76871
    sourcerpm: systemd-252-46.el9_5.2.src.rpm
    url: https://cdn-ubi.redhat.com/content/public/ubi/dist/ubi9/9/x86_64/baseos/os/Packages/s/systemd-rpm-macros-252-46.el9_5.2.noarch.rpm
  - checksum: sha256:812b87a70ec6f88e493f15b66453112bc67f11576d4d7fa70ad85e914ead366a
    evr: 2.37.4-20.el9
    name: util-linux
    repoid: ubi-9-baseos-rpms
    size: 2396057
    sourcerpm: util-linux-2.37.4-20.el9.src.rpm
    url: https://cdn-ubi.redhat.com/content/public/ubi/dist/ubi9/9/x86_64/baseos/os/Packages/u/util-linux-2.37.4-20.el9.x86_64.rpm
  - checksum: sha256:28cef63cbaf5dedcb87404321027634bd4abcf0ee195879882240942260f60a6
    evr: 2.37.4-20.el9
    name: util-linux-core
    repoid: ubi-9-baseos-rpms
    size: 479544
    sourcerpm: util-linux-2.37.4-20.el9.src.rpm
    url: https://cdn-ubi.redhat.com/content/public/ubi/dist/ubi9/9/x86_64/baseos/os/Packages/u/util-linux-core-2.37.4-20.el9.x86_64.rpm
  source: []
lockfileVendor: redhat
lockfileVersion: 1
