---
lockfileVersion: 1
lockfileVendor: redhat
arches:
  - arch: x86_64
    packages:
      - url: https://cdn-ubi.redhat.com/content/public/ubi/dist/ubi8/8/x86_64/appstream/os/Packages/b/bind-libs-9.11.36-16.el8_10.4.x86_64.rpm
        repoid: ubi-8-for-x86_64-appstream-rpms
        size: 181284
        checksum: sha256:314fb3b87a51586056d073a3dc9a5a6c9ddd3e06a5cdda08262613b8cb176316
        name: bind-libs
        evr: 32:9.11.36-16.el8_10.4
        sourcerpm: bind-9.11.36-16.el8_10.4.src.rpm
      - url: https://cdn-ubi.redhat.com/content/public/ubi/dist/ubi8/8/x86_64/appstream/os/Packages/b/bind-libs-lite-9.11.36-16.el8_10.4.x86_64.rpm
        repoid: ubi-8-for-x86_64-appstream-rpms
        size: 1247972
        checksum: sha256:4512a8678eb807c112369d01ebd70d20a17c4cd7f40b4e0ce575491659cfd1b8
        name: bind-libs-lite
        evr: 32:9.11.36-16.el8_10.4
        sourcerpm: bind-9.11.36-16.el8_10.4.src.rpm
      - url: https://cdn-ubi.redhat.com/content/public/ubi/dist/ubi8/8/x86_64/appstream/os/Packages/b/bind-license-9.11.36-16.el8_10.4.noarch.rpm
        repoid: ubi-8-for-x86_64-appstream-rpms
        size: 107964
        checksum: sha256:f69ef12c80ef53c0dd0d95f9c918228daafd83085219d3097d6c03d45f9084d2
        name: bind-license
        evr: 32:9.11.36-16.el8_10.4
        sourcerpm: bind-9.11.36-16.el8_10.4.src.rpm
      - url: https://cdn-ubi.redhat.com/content/public/ubi/dist/ubi8/8/x86_64/appstream/os/Packages/b/bind-utils-9.11.36-16.el8_10.4.x86_64.rpm
        repoid: ubi-8-for-x86_64-appstream-rpms
        size: 465220
        checksum: sha256:790856852d78af8cdd2e2b922ae2768098f858a6fced549d5aab9fadc73260ee
        name: bind-utils
        evr: 32:9.11.36-16.el8_10.4
        sourcerpm: bind-9.11.36-16.el8_10.4.src.rpm
      - url: https://cdn-ubi.redhat.com/content/public/ubi/dist/ubi8/8/x86_64/appstream/os/Packages/f/fstrm-0.6.1-3.el8.x86_64.rpm
        repoid: ubi-8-for-x86_64-appstream-rpms
        size: 29820
        checksum: sha256:fef52b186851747392063402157c463f207fc1358f4ab4bdc6d45f7cf7a20f8c
        name: fstrm
        evr: 0.6.1-3.el8
        sourcerpm: fstrm-0.6.1-3.el8.src.rpm
      - url: https://cdn-ubi.redhat.com/content/public/ubi/dist/ubi8/8/x86_64/appstream/os/Packages/g/geolite2-city-20180605-1.el8.noarch.rpm
        repoid: ubi-8-for-x86_64-appstream-rpms
        size: 19876744
        checksum: sha256:19dba7cb30c3cb598886326df0ec1114c6e195a57c9ce3a8b78b83555e9e8648
        name: geolite2-city
        evr: 20180605-1.el8
        sourcerpm: geolite2-20180605-1.el8.src.rpm
      - url: https://cdn-ubi.redhat.com/content/public/ubi/dist/ubi8/8/x86_64/appstream/os/Packages/g/geolite2-country-20180605-1.el8.noarch.rpm
        repoid: ubi-8-for-x86_64-appstream-rpms
        size: 1082724
        checksum: sha256:c60aede8488f68a001f3495bd6e6d894fc3a44bb488f4550b5970ab5904d0a1e
        name: geolite2-country
        evr: 20180605-1.el8
        sourcerpm: geolite2-20180605-1.el8.src.rpm
      - url: https://cdn-ubi.redhat.com/content/public/ubi/dist/ubi8/8/x86_64/appstream/os/Packages/l/libmaxminddb-1.2.0-10.el8_9.1.x86_64.rpm
        repoid: ubi-8-for-x86_64-appstream-rpms
        size: 34176
        checksum: sha256:51226cadf8b8327fbe85dd1db433169af8ac54f1f3255d6fcfcb7448ae2aa3c9
        name: libmaxminddb
        evr: 1.2.0-10.el8_9.1
        sourcerpm: libmaxminddb-1.2.0-10.el8_9.1.src.rpm
      - url: https://cdn-ubi.redhat.com/content/public/ubi/dist/ubi8/8/x86_64/appstream/os/Packages/p/protobuf-c-1.3.0-8.el8.x86_64.rpm
        repoid: ubi-8-for-x86_64-appstream-rpms
        size: 38124
        checksum: sha256:7c6b990e2c0a6cd8ff1f76fc2c83a83528b4663f90257e6b5a708b733bd78085
        name: protobuf-c
        evr: 1.3.0-8.el8
        sourcerpm: protobuf-c-1.3.0-8.el8.src.rpm
      - url: https://cdn-ubi.redhat.com/content/public/ubi/dist/ubi8/8/x86_64/appstream/os/Packages/p/python3-bind-9.11.36-16.el8_10.4.noarch.rpm
        repoid: ubi-8-for-x86_64-appstream-rpms
        size: 156372
        checksum: sha256:21dc8c1d9e575209c8825ea13e01126c5895feae134e590b8207611292786636
        name: python3-bind
        evr: 32:9.11.36-16.el8_10.4
        sourcerpm: bind-9.11.36-16.el8_10.4.src.rpm
      - url: https://cdn-ubi.redhat.com/content/public/ubi/dist/ubi8/8/x86_64/baseos/os/Packages/e/expat-2.2.5-16.el8_10.x86_64.rpm
        repoid: ubi-8-for-x86_64-baseos-rpms
        size: 117296
        checksum: sha256:c7783e000326c94f8aed71f1b18eba0b46cb556e8a31900b99b5541ee865a1d8
        name: expat
        evr: 2.2.5-16.el8_10
        sourcerpm: expat-2.2.5-16.el8_10.src.rpm
      - url: https://cdn-ubi.redhat.com/content/public/ubi/dist/ubi8/8/x86_64/baseos/os/Packages/g/gdbm-1.18-2.el8.x86_64.rpm
        repoid: ubi-8-for-x86_64-baseos-rpms
        size: 132820
        checksum: sha256:a8e1839ca386b258656d4a4108049857a257fbd4cf7520d698e0bfa9edd9c4c1
        name: gdbm
        evr: 1:1.18-2.el8
        sourcerpm: gdbm-1.18-2.el8.src.rpm
      - url: https://cdn-ubi.redhat.com/content/public/ubi/dist/ubi8/8/x86_64/baseos/os/Packages/g/gdbm-libs-1.18-2.el8.x86_64.rpm
        repoid: ubi-8-for-x86_64-baseos-rpms
        size: 61820
        checksum: sha256:cfa6bd007cf38a40166de803c4aa0ccae2a6f5ffc756efa6e14a2cab228ec22b
        name: gdbm-libs
        evr: 1:1.18-2.el8
        sourcerpm: gdbm-1.18-2.el8.src.rpm
      - url: https://cdn-ubi.redhat.com/content/public/ubi/dist/ubi8/8/x86_64/baseos/os/Packages/l/libnsl2-1.2.0-2.20180605git4a062cf.el8.x86_64.rpm
        repoid: ubi-8-for-x86_64-baseos-rpms
        size: 59120
        checksum: sha256:f7e60c8a5eaf056a9c67834671561196b961fba7bc763568f1c01c3ab998bb46
        name: libnsl2
        evr: 1.2.0-2.20180605git4a062cf.el8
        sourcerpm: libnsl2-1.2.0-2.20180605git4a062cf.el8.src.rpm
      - url: https://cdn-ubi.redhat.com/content/public/ubi/dist/ubi8/8/x86_64/baseos/os/Packages/l/libtirpc-1.1.4-12.el8_10.x86_64.rpm
        repoid: ubi-8-for-x86_64-baseos-rpms
        size: 116808
        checksum: sha256:d35b01a79f17bcaca9a774fa78136acadabf6f627db43b7dca43a83a63afffa4
        name: libtirpc
        evr: 1.1.4-12.el8_10
        sourcerpm: libtirpc-1.1.4-12.el8_10.src.rpm
      - url: https://cdn-ubi.redhat.com/content/public/ubi/dist/ubi8/8/x86_64/baseos/os/Packages/p/platform-python-3.6.8-69.el8_10.x86_64.rpm
        repoid: ubi-8-for-x86_64-baseos-rpms
        size: 90592
        checksum: sha256:43e2eac6440b86c1ec9eec337abed72a2878adc0ec11aecc506de59963c47fb9
        name: platform-python
        evr: 3.6.8-69.el8_10
        sourcerpm: python3-3.6.8-69.el8_10.src.rpm
      - url: https://cdn-ubi.redhat.com/content/public/ubi/dist/ubi8/8/x86_64/baseos/os/Packages/p/platform-python-pip-9.0.3-24.el8.noarch.rpm
        repoid: ubi-8-for-x86_64-baseos-rpms
        size: 1633024
        checksum: sha256:a9104ca3388b74f665c2648cde81043cc7748bf1ca5a7f2a4148b86013206fc8
        name: platform-python-pip
        evr: 9.0.3-24.el8
        sourcerpm: python-pip-9.0.3-24.el8.src.rpm
      - url: https://cdn-ubi.redhat.com/content/public/ubi/dist/ubi8/8/x86_64/baseos/os/Packages/p/platform-python-setuptools-39.2.0-8.el8_10.noarch.rpm
        repoid: ubi-8-for-x86_64-baseos-rpms
        size: 647476
        checksum: sha256:8f330a8602613473b6e4c0bc57cb3012932a9a9399ea7a3fa65175453a6580ab
        name: platform-python-setuptools
        evr: 39.2.0-8.el8_10
        sourcerpm: python-setuptools-39.2.0-8.el8_10.src.rpm
      - url: https://cdn-ubi.redhat.com/content/public/ubi/dist/ubi8/8/x86_64/baseos/os/Packages/p/python3-libs-3.6.8-69.el8_10.x86_64.rpm
        repoid: ubi-8-for-x86_64-baseos-rpms
        size: 8251108
        checksum: sha256:6dcf5dcbb3000fe90877bafbb4e8bb9f9a170b262c12f7ae8033e649227cf1b0
        name: python3-libs
        evr: 3.6.8-69.el8_10
        sourcerpm: python3-3.6.8-69.el8_10.src.rpm
      - url: https://cdn-ubi.redhat.com/content/public/ubi/dist/ubi8/8/x86_64/baseos/os/Packages/p/python3-pip-wheel-9.0.3-24.el8.noarch.rpm
        repoid: ubi-8-for-x86_64-baseos-rpms
        size: 886996
        checksum: sha256:9bf511b12174637c1163f224deb28a0ea7f8f4565231e3a0e8eb64f37ce27d08
        name: python3-pip-wheel
        evr: 9.0.3-24.el8
        sourcerpm: python-pip-9.0.3-24.el8.src.rpm
      - url: https://cdn-ubi.redhat.com/content/public/ubi/dist/ubi8/8/x86_64/baseos/os/Packages/p/python3-ply-3.9-9.el8.noarch.rpm
        repoid: ubi-8-for-x86_64-baseos-rpms
        size: 113864
        checksum: sha256:f1784b0b9221581d9beac947a7a43cc9f4839ede18f38a0274461185788792a9
        name: python3-ply
        evr: 3.9-9.el8
        sourcerpm: python-ply-3.9-9.el8.src.rpm
      - url: https://cdn-ubi.redhat.com/content/public/ubi/dist/ubi8/8/x86_64/baseos/os/Packages/p/python3-setuptools-wheel-39.2.0-8.el8_10.noarch.rpm
        repoid: ubi-8-for-x86_64-baseos-rpms
        size: 296040
        checksum: sha256:833dcb68b1eea48bfb8853886236753647743258fd74cc538ffa72408aab9213
        name: python3-setuptools-wheel
        evr: 39.2.0-8.el8_10
        sourcerpm: python-setuptools-39.2.0-8.el8_10.src.rpm
    source: []
    module_metadata: []
